
Microsoft Visual Studio Solution File, Format Version 12.00
# Visual Studio 15
VisualStudioVersion = 15.0.26228.9
MinimumVisualStudioVersion = 10.0.40219.1
Project("{2150E333-8FDC-42A3-9474-1A3956D46DE8}") = "src", "src", "{EE240972-8CE6-401B-B580-8F513006C407}"
EndProject
Project("{2150E333-8FDC-42A3-9474-1A3956D46DE8}") = "test", "test", "{CD2C9284-6920-4D81-B00C-FE286FC4A95D}"
EndProject
Project("{9A19103F-16F7-4668-BE54-9A1E7A4F7556}") = "AssertExTests", "test\AssertExTests\AssertExTests.csproj", "{8686DB9A-745C-44B9-8412-3A9F38C9988C}"
EndProject
Project("{9A19103F-16F7-4668-BE54-9A1E7A4F7556}") = "AssertEx", "src\AssertEx\AssertEx.csproj", "{F5778367-6652-405B-BAAF-319C42C4123F}"
EndProject
Project("{FAE04EC0-301F-11D3-BF4B-00C04F79EFBC}") = "TestRunEx", "src\TestRunEx\TestRunEx.csproj", "{5C065EDA-88DF-4B7D-BCB3-3A1CB2B21936}"
EndProject
Project("{FAE04EC0-301F-11D3-BF4B-00C04F79EFBC}") = "TestRunExTests", "test\TestRunExTests\TestRunExTests.csproj", "{AC3AFF90-E789-4B5D-8171-DA79E165CFBD}"
EndProject
Global
	GlobalSection(SolutionConfigurationPlatforms) = preSolution
		Debug|Any CPU = Debug|Any CPU
		Debug|x64 = Debug|x64
		Debug|x86 = Debug|x86
		Release|Any CPU = Release|Any CPU
		Release|x64 = Release|x64
		Release|x86 = Release|x86
	EndGlobalSection
	GlobalSection(ProjectConfigurationPlatforms) = postSolution
		{8686DB9A-745C-44B9-8412-3A9F38C9988C}.Debug|Any CPU.ActiveCfg = Debug|Any CPU
		{8686DB9A-745C-44B9-8412-3A9F38C9988C}.Debug|Any CPU.Build.0 = Debug|Any CPU
		{8686DB9A-745C-44B9-8412-3A9F38C9988C}.Debug|x64.ActiveCfg = Debug|Any CPU
		{8686DB9A-745C-44B9-8412-3A9F38C9988C}.Debug|x64.Build.0 = Debug|Any CPU
		{8686DB9A-745C-44B9-8412-3A9F38C9988C}.Debug|x86.ActiveCfg = Debug|Any CPU
		{8686DB9A-745C-44B9-8412-3A9F38C9988C}.Debug|x86.Build.0 = Debug|Any CPU
		{8686DB9A-745C-44B9-8412-3A9F38C9988C}.Release|Any CPU.ActiveCfg = Release|Any CPU
		{8686DB9A-745C-44B9-8412-3A9F38C9988C}.Release|Any CPU.Build.0 = Release|Any CPU
		{8686DB9A-745C-44B9-8412-3A9F38C9988C}.Release|x64.ActiveCfg = Release|Any CPU
		{8686DB9A-745C-44B9-8412-3A9F38C9988C}.Release|x64.Build.0 = Release|Any CPU
		{8686DB9A-745C-44B9-8412-3A9F38C9988C}.Release|x86.ActiveCfg = Release|Any CPU
		{8686DB9A-745C-44B9-8412-3A9F38C9988C}.Release|x86.Build.0 = Release|Any CPU
		{F5778367-6652-405B-BAAF-319C42C4123F}.Debug|Any CPU.ActiveCfg = Debug|Any CPU
		{F5778367-6652-405B-BAAF-319C42C4123F}.Debug|Any CPU.Build.0 = Debug|Any CPU
		{F5778367-6652-405B-BAAF-319C42C4123F}.Debug|x64.ActiveCfg = Debug|Any CPU
		{F5778367-6652-405B-BAAF-319C42C4123F}.Debug|x64.Build.0 = Debug|Any CPU
		{F5778367-6652-405B-BAAF-319C42C4123F}.Debug|x86.ActiveCfg = Debug|Any CPU
		{F5778367-6652-405B-BAAF-319C42C4123F}.Debug|x86.Build.0 = Debug|Any CPU
		{F5778367-6652-405B-BAAF-319C42C4123F}.Release|Any CPU.ActiveCfg = Release|Any CPU
		{F5778367-6652-405B-BAAF-319C42C4123F}.Release|Any CPU.Build.0 = Release|Any CPU
		{F5778367-6652-405B-BAAF-319C42C4123F}.Release|x64.ActiveCfg = Release|Any CPU
		{F5778367-6652-405B-BAAF-319C42C4123F}.Release|x64.Build.0 = Release|Any CPU
		{F5778367-6652-405B-BAAF-319C42C4123F}.Release|x86.ActiveCfg = Release|Any CPU
		{F5778367-6652-405B-BAAF-319C42C4123F}.Release|x86.Build.0 = Release|Any CPU
		{5C065EDA-88DF-4B7D-BCB3-3A1CB2B21936}.Debug|Any CPU.ActiveCfg = Debug|Any CPU
		{5C065EDA-88DF-4B7D-BCB3-3A1CB2B21936}.Debug|Any CPU.Build.0 = Debug|Any CPU
		{5C065EDA-88DF-4B7D-BCB3-3A1CB2B21936}.Debug|x64.ActiveCfg = Debug|Any CPU
		{5C065EDA-88DF-4B7D-BCB3-3A1CB2B21936}.Debug|x64.Build.0 = Debug|Any CPU
		{5C065EDA-88DF-4B7D-BCB3-3A1CB2B21936}.Debug|x86.ActiveCfg = Debug|Any CPU
		{5C065EDA-88DF-4B7D-BCB3-3A1CB2B21936}.Debug|x86.Build.0 = Debug|Any CPU
		{5C065EDA-88DF-4B7D-BCB3-3A1CB2B21936}.Release|Any CPU.ActiveCfg = Release|Any CPU
		{5C065EDA-88DF-4B7D-BCB3-3A1CB2B21936}.Release|Any CPU.Build.0 = Release|Any CPU
		{5C065EDA-88DF-4B7D-BCB3-3A1CB2B21936}.Release|x64.ActiveCfg = Release|Any CPU
		{5C065EDA-88DF-4B7D-BCB3-3A1CB2B21936}.Release|x64.Build.0 = Release|Any CPU
		{5C065EDA-88DF-4B7D-BCB3-3A1CB2B21936}.Release|x86.ActiveCfg = Release|Any CPU
		{5C065EDA-88DF-4B7D-BCB3-3A1CB2B21936}.Release|x86.Build.0 = Release|Any CPU
		{AC3AFF90-E789-4B5D-8171-DA79E165CFBD}.Debug|Any CPU.ActiveCfg = Debug|Any CPU
		{AC3AFF90-E789-4B5D-8171-DA79E165CFBD}.Debug|Any CPU.Build.0 = Debug|Any CPU
		{AC3AFF90-E789-4B5D-8171-DA79E165CFBD}.Debug|x64.ActiveCfg = Debug|Any CPU
		{AC3AFF90-E789-4B5D-8171-DA79E165CFBD}.Debug|x64.Build.0 = Debug|Any CPU
		{AC3AFF90-E789-4B5D-8171-DA79E165CFBD}.Debug|x86.ActiveCfg = Debug|Any CPU
		{AC3AFF90-E789-4B5D-8171-DA79E165CFBD}.Debug|x86.Build.0 = Debug|Any CPU
		{AC3AFF90-E789-4B5D-8171-DA79E165CFBD}.Release|Any CPU.ActiveCfg = Release|Any CPU
		{AC3AFF90-E789-4B5D-8171-DA79E165CFBD}.Release|Any CPU.Build.0 = Release|Any CPU
		{AC3AFF90-E789-4B5D-8171-DA79E165CFBD}.Release|x64.ActiveCfg = Release|Any CPU
		{AC3AFF90-E789-4B5D-8171-DA79E165CFBD}.Release|x64.Build.0 = Release|Any CPU
		{AC3AFF90-E789-4B5D-8171-DA79E165CFBD}.Release|x86.ActiveCfg = Release|Any CPU
		{AC3AFF90-E789-4B5D-8171-DA79E165CFBD}.Release|x86.Build.0 = Release|Any CPU
	EndGlobalSection
	GlobalSection(SolutionProperties) = preSolution
		HideSolutionNode = FALSE
	EndGlobalSection
	GlobalSection(NestedProjects) = preSolution
		{8686DB9A-745C-44B9-8412-3A9F38C9988C} = {CD2C9284-6920-4D81-B00C-FE286FC4A95D}
		{F5778367-6652-405B-BAAF-319C42C4123F} = {EE240972-8CE6-401B-B580-8F513006C407}
		{5C065EDA-88DF-4B7D-BCB3-3A1CB2B21936} = {EE240972-8CE6-401B-B580-8F513006C407}
		{AC3AFF90-E789-4B5D-8171-DA79E165CFBD} = {CD2C9284-6920-4D81-B00C-FE286FC4A95D}
	EndGlobalSection
EndGlobal
